
Microsoft Visual Studio Solution File, Format Version 12.00
# Visual Studio Version 16
VisualStudioVersion = 16.0.31402.337
MinimumVisualStudioVersion = 10.0.40219.1
Project("{FAE04EC0-301F-11D3-BF4B-00C04F79EFBC}") = "School", "School\School.csproj", "{442D5FB9-2B76-4A52-82DA-2D6F094A1A9B}"
EndProject
Global
	GlobalSection(SolutionConfigurationPlatforms) = preSolution
		Debug|Any CPU = Debug|Any CPU
		Release|Any CPU = Release|Any CPU
	EndGlobalSection
	GlobalSection(ProjectConfigurationPlatforms) = postSolution
		{442D5FB9-2B76-4A52-82DA-2D6F094A1A9B}.Debug|Any CPU.ActiveCfg = Debug|Any CPU
		{442D5FB9-2B76-4A52-82DA-2D6F094A1A9B}.Debug|Any CPU.Build.0 = Debug|Any CPU
		{442D5FB9-2B76-4A52-82DA-2D6F094A1A9B}.Release|Any CPU.ActiveCfg = Release|Any CPU
		{442D5FB9-2B76-4A52-82DA-2D6F094A1A9B}.Release|Any CPU.Build.0 = Release|Any CPU
	EndGlobalSection
	GlobalSection(SolutionProperties) = preSolution
		HideSolutionNode = FALSE
	EndGlobalSection
	GlobalSection(ExtensibilityGlobals) = postSolution
		SolutionGuid = {48149842-5788-4281-9F58-7FDC7AD128F1}
	EndGlobalSection
EndGlobal
